
Microsoft Visual Studio Solution File, Format Version 12.00
# Visual Studio Version 16
VisualStudioVersion = 16.0.31321.278
MinimumVisualStudioVersion = 10.0.40219.1
Project("{FAE04EC0-301F-11D3-BF4B-00C04F79EFBC}") = "WPF Paint", "WPF Paint\WPF Paint.csproj", "{09053AA1-4832-41F5-A404-E7DD687E52B0}"
EndProject
Global
	GlobalSection(SolutionConfigurationPlatforms) = preSolution
		Debug|Any CPU = Debug|Any CPU
		Release|Any CPU = Release|Any CPU
	EndGlobalSection
	GlobalSection(ProjectConfigurationPlatforms) = postSolution
		{09053AA1-4832-41F5-A404-E7DD687E52B0}.Debug|Any CPU.ActiveCfg = Debug|Any CPU
		{09053AA1-4832-41F5-A404-E7DD687E52B0}.Debug|Any CPU.Build.0 = Debug|Any CPU
		{09053AA1-4832-41F5-A404-E7DD687E52B0}.Release|Any CPU.ActiveCfg = Release|Any CPU
		{09053AA1-4832-41F5-A404-E7DD687E52B0}.Release|Any CPU.Build.0 = Release|Any CPU
	EndGlobalSection
	GlobalSection(SolutionProperties) = preSolution
		HideSolutionNode = FALSE
	EndGlobalSection
	GlobalSection(ExtensibilityGlobals) = postSolution
		SolutionGuid = {7A52B32A-B7C7-4A20-8487-39102A4FF4D4}
	EndGlobalSection
EndGlobal
